
Microsoft Visual Studio Solution File, Format Version 12.00
# Visual Studio Version 17
VisualStudioVersion = 17.7.34024.191
MinimumVisualStudioVersion = 10.0.40219.1
Project("{9A19103F-16F7-4668-BE54-9A1E7A4F7556}") = "MediaReactUI", "MovieReactUI\MediaReactUI.csproj", "{92944B53-5E89-4F1A-8679-5F31D6479FC9}"
EndProject
Project("{9A19103F-16F7-4668-BE54-9A1E7A4F7556}") = "DomainModel", "DomainModel\DomainModel.csproj", "{BAA0A644-12DA-41C1-90FE-69F223F5FAD4}"
EndProject
Global
	GlobalSection(SolutionConfigurationPlatforms) = preSolution
		Debug|Any CPU = Debug|Any CPU
		Release|Any CPU = Release|Any CPU
	EndGlobalSection
	GlobalSection(ProjectConfigurationPlatforms) = postSolution
		{92944B53-5E89-4F1A-8679-5F31D6479FC9}.Debug|Any CPU.ActiveCfg = Debug|Any CPU
		{92944B53-5E89-4F1A-8679-5F31D6479FC9}.Debug|Any CPU.Build.0 = Debug|Any CPU
		{92944B53-5E89-4F1A-8679-5F31D6479FC9}.Release|Any CPU.ActiveCfg = Release|Any CPU
		{92944B53-5E89-4F1A-8679-5F31D6479FC9}.Release|Any CPU.Build.0 = Release|Any CPU
		{BAA0A644-12DA-41C1-90FE-69F223F5FAD4}.Debug|Any CPU.ActiveCfg = Debug|Any CPU
		{BAA0A644-12DA-41C1-90FE-69F223F5FAD4}.Debug|Any CPU.Build.0 = Debug|Any CPU
		{BAA0A644-12DA-41C1-90FE-69F223F5FAD4}.Release|Any CPU.ActiveCfg = Release|Any CPU
		{BAA0A644-12DA-41C1-90FE-69F223F5FAD4}.Release|Any CPU.Build.0 = Release|Any CPU
	EndGlobalSection
	GlobalSection(SolutionProperties) = preSolution
		HideSolutionNode = FALSE
	EndGlobalSection
	GlobalSection(ExtensibilityGlobals) = postSolution
		SolutionGuid = {F9843709-E170-48C2-9167-7645B481496F}
	EndGlobalSection
EndGlobal
